
Microsoft Visual Studio Solution File, Format Version 12.00
# Visual Studio Version 17
VisualStudioVersion = 17.1.32407.343
MinimumVisualStudioVersion = 10.0.40219.1
Project("{9A19103F-16F7-4668-BE54-9A1E7A4F7556}") = "RadioApp", "RadioApp.csproj", "{16F1DB5B-84B7-4AF2-9536-E1F3F1FBD21A}"
EndProject
Global
	GlobalSection(SolutionConfigurationPlatforms) = preSolution
		Debug|Any CPU = Debug|Any CPU
		Release|Any CPU = Release|Any CPU
	EndGlobalSection
	GlobalSection(ProjectConfigurationPlatforms) = postSolution
		{16F1DB5B-84B7-4AF2-9536-E1F3F1FBD21A}.Debug|Any CPU.ActiveCfg = Debug|Any CPU
		{16F1DB5B-84B7-4AF2-9536-E1F3F1FBD21A}.Debug|Any CPU.Build.0 = Debug|Any CPU
		{16F1DB5B-84B7-4AF2-9536-E1F3F1FBD21A}.Release|Any CPU.ActiveCfg = Release|Any CPU
		{16F1DB5B-84B7-4AF2-9536-E1F3F1FBD21A}.Release|Any CPU.Build.0 = Release|Any CPU
	EndGlobalSection
	GlobalSection(SolutionProperties) = preSolution
		HideSolutionNode = FALSE
	EndGlobalSection
	GlobalSection(ExtensibilityGlobals) = postSolution
		SolutionGuid = {4F53841D-6784-4485-923E-A78E47004169}
	EndGlobalSection
EndGlobal
